
Microsoft Visual Studio Solution File, Format Version 12.00
# Visual Studio Version 17
VisualStudioVersion = 17.8.34330.188
MinimumVisualStudioVersion = 10.0.40219.1
Project("{FAE04EC0-301F-11D3-BF4B-00C04F79EFBC}") = "SprintTest.Api", "SprintTest.Api\SprintTest.Api.csproj", "{6EDF4567-9FAB-45E1-88E0-6717666D1EBD}"
EndProject
Global
	GlobalSection(SolutionConfigurationPlatforms) = preSolution
		Debug|Any CPU = Debug|Any CPU
		Release|Any CPU = Release|Any CPU
	EndGlobalSection
	GlobalSection(ProjectConfigurationPlatforms) = postSolution
		{6EDF4567-9FAB-45E1-88E0-6717666D1EBD}.Debug|Any CPU.ActiveCfg = Debug|Any CPU
		{6EDF4567-9FAB-45E1-88E0-6717666D1EBD}.Debug|Any CPU.Build.0 = Debug|Any CPU
		{6EDF4567-9FAB-45E1-88E0-6717666D1EBD}.Release|Any CPU.ActiveCfg = Release|Any CPU
		{6EDF4567-9FAB-45E1-88E0-6717666D1EBD}.Release|Any CPU.Build.0 = Release|Any CPU
	EndGlobalSection
	GlobalSection(SolutionProperties) = preSolution
		HideSolutionNode = FALSE
	EndGlobalSection
	GlobalSection(ExtensibilityGlobals) = postSolution
		SolutionGuid = {F08A5A39-DB80-43E1-B9B9-A5670AE7D603}
	EndGlobalSection
EndGlobal
