
Microsoft Visual Studio Solution File, Format Version 12.00
# Visual Studio Version 17
VisualStudioVersion = 17.8.34330.188
MinimumVisualStudioVersion = 10.0.40219.1
Project("{FAE04EC0-301F-11D3-BF4B-00C04F79EFBC}") = "SprintTestMinimal", "SprintTestMinimal\SprintTestMinimal.csproj", "{78FCA50D-80DD-4D1B-864F-E4BDAE00653B}"
EndProject
Global
	GlobalSection(SolutionConfigurationPlatforms) = preSolution
		Debug|Any CPU = Debug|Any CPU
		Release|Any CPU = Release|Any CPU
	EndGlobalSection
	GlobalSection(ProjectConfigurationPlatforms) = postSolution
		{78FCA50D-80DD-4D1B-864F-E4BDAE00653B}.Debug|Any CPU.ActiveCfg = Debug|Any CPU
		{78FCA50D-80DD-4D1B-864F-E4BDAE00653B}.Debug|Any CPU.Build.0 = Debug|Any CPU
		{78FCA50D-80DD-4D1B-864F-E4BDAE00653B}.Release|Any CPU.ActiveCfg = Release|Any CPU
		{78FCA50D-80DD-4D1B-864F-E4BDAE00653B}.Release|Any CPU.Build.0 = Release|Any CPU
	EndGlobalSection
	GlobalSection(SolutionProperties) = preSolution
		HideSolutionNode = FALSE
	EndGlobalSection
	GlobalSection(ExtensibilityGlobals) = postSolution
		SolutionGuid = {5318F0F6-A4D4-4E29-92B0-1A9D2BC59286}
	EndGlobalSection
EndGlobal
