
Microsoft Visual Studio Solution File, Format Version 12.00
# Visual Studio Version 17
VisualStudioVersion = 17.8.34408.163
MinimumVisualStudioVersion = 10.0.40219.1
Project("{FAE04EC0-301F-11D3-BF4B-00C04F79EFBC}") = "Course.API", "Course.API\Course.API.csproj", "{0BF726DD-0ACD-4358-8904-E9ADA18B3799}"
EndProject
Global
	GlobalSection(SolutionConfigurationPlatforms) = preSolution
		Debug|Any CPU = Debug|Any CPU
		Release|Any CPU = Release|Any CPU
	EndGlobalSection
	GlobalSection(ProjectConfigurationPlatforms) = postSolution
		{0BF726DD-0ACD-4358-8904-E9ADA18B3799}.Debug|Any CPU.ActiveCfg = Debug|Any CPU
		{0BF726DD-0ACD-4358-8904-E9ADA18B3799}.Debug|Any CPU.Build.0 = Debug|Any CPU
		{0BF726DD-0ACD-4358-8904-E9ADA18B3799}.Release|Any CPU.ActiveCfg = Release|Any CPU
		{0BF726DD-0ACD-4358-8904-E9ADA18B3799}.Release|Any CPU.Build.0 = Release|Any CPU
	EndGlobalSection
	GlobalSection(SolutionProperties) = preSolution
		HideSolutionNode = FALSE
	EndGlobalSection
	GlobalSection(ExtensibilityGlobals) = postSolution
		SolutionGuid = {0103B9C2-AE91-4F4F-A5A6-5473D18E7399}
	EndGlobalSection
EndGlobal
