
Microsoft Visual Studio Solution File, Format Version 12.00
# Visual Studio Version 17
VisualStudioVersion = 17.8.34330.188
MinimumVisualStudioVersion = 10.0.40219.1
Project("{FAE04EC0-301F-11D3-BF4B-00C04F79EFBC}") = "SprintTestHttps", "SprintTestHttps\SprintTestHttps.csproj", "{0B4585A2-9590-40F4-BC5C-C00C9915AEA9}"
EndProject
Global
	GlobalSection(SolutionConfigurationPlatforms) = preSolution
		Debug|Any CPU = Debug|Any CPU
		Release|Any CPU = Release|Any CPU
	EndGlobalSection
	GlobalSection(ProjectConfigurationPlatforms) = postSolution
		{0B4585A2-9590-40F4-BC5C-C00C9915AEA9}.Debug|Any CPU.ActiveCfg = Debug|Any CPU
		{0B4585A2-9590-40F4-BC5C-C00C9915AEA9}.Debug|Any CPU.Build.0 = Debug|Any CPU
		{0B4585A2-9590-40F4-BC5C-C00C9915AEA9}.Release|Any CPU.ActiveCfg = Release|Any CPU
		{0B4585A2-9590-40F4-BC5C-C00C9915AEA9}.Release|Any CPU.Build.0 = Release|Any CPU
	EndGlobalSection
	GlobalSection(SolutionProperties) = preSolution
		HideSolutionNode = FALSE
	EndGlobalSection
	GlobalSection(ExtensibilityGlobals) = postSolution
		SolutionGuid = {BB791EA8-8E26-4C39-89C2-51FD959B06F6}
	EndGlobalSection
EndGlobal
